
Microsoft Visual Studio Solution File, Format Version 12.00
# Visual Studio Version 16
VisualStudioVersion = 16.0.31911.196
MinimumVisualStudioVersion = 10.0.40219.1
Project("{FAE04EC0-301F-11D3-BF4B-00C04F79EFBC}") = "SloppyJoeRandomMenu", "SloppyJoeRandomMenu.csproj", "{47C447AA-3737-461E-BA97-7457AC19C1D2}"
EndProject
Global
	GlobalSection(SolutionConfigurationPlatforms) = preSolution
		Debug|Any CPU = Debug|Any CPU
		Release|Any CPU = Release|Any CPU
	EndGlobalSection
	GlobalSection(ProjectConfigurationPlatforms) = postSolution
		{47C447AA-3737-461E-BA97-7457AC19C1D2}.Debug|Any CPU.ActiveCfg = Debug|Any CPU
		{47C447AA-3737-461E-BA97-7457AC19C1D2}.Debug|Any CPU.Build.0 = Debug|Any CPU
		{47C447AA-3737-461E-BA97-7457AC19C1D2}.Release|Any CPU.ActiveCfg = Release|Any CPU
		{47C447AA-3737-461E-BA97-7457AC19C1D2}.Release|Any CPU.Build.0 = Release|Any CPU
	EndGlobalSection
	GlobalSection(SolutionProperties) = preSolution
		HideSolutionNode = FALSE
	EndGlobalSection
	GlobalSection(ExtensibilityGlobals) = postSolution
		SolutionGuid = {F55D0106-DF52-428B-86D1-2F279133C917}
	EndGlobalSection
EndGlobal
